// !$*UTF8*$!
{
	archiveVersion = 1;
	classes = {
	};
	objectVersion = 56;
	objects = {

/* Begin PBXBuildFile section */
		BC453B4B2BE3D1A9006B93AF /* Book.swift in Sources */ = {isa = PBXBuildFile; fileRef = BC453B4A2BE3D1A9006B93AF /* Book.swift */; };
		BC453B4D2BE3D60A006B93AF /* AddBookView.swift in Sources */ = {isa = PBXBuildFile; fileRef = BC453B4C2BE3D60A006B93AF /* AddBookView.swift */; };
		BC453B4F2BE3FC71006B93AF /* RatingView.swift in Sources */ = {isa = PBXBuildFile; fileRef = BC453B4E2BE3FC71006B93AF /* RatingView.swift */; };
		BC453B512BE41057006B93AF /* EmojiRatingView.swift in Sources */ = {isa = PBXBuildFile; fileRef = BC453B502BE41057006B93AF /* EmojiRatingView.swift */; };
		BCD77B092BE521A400C27D5F /* DetailView.swift in Sources */ = {isa = PBXBuildFile; fileRef = BCD77B082BE521A400C27D5F /* DetailView.swift */; };
		BCFFDA742BE25C290078BEFF /* BookWormApp.swift in Sources */ = {isa = PBXBuildFile; fileRef = BCFFDA732BE25C290078BEFF /* BookWormApp.swift */; };
		BCFFDA762BE25C290078BEFF /* ContentView.swift in Sources */ = {isa = PBXBuildFile; fileRef = BCFFDA752BE25C290078BEFF /* ContentView.swift */; };
		BCFFDA782BE25C2C0078BEFF /* Assets.xcassets in Resources */ = {isa = PBXBuildFile; fileRef = BCFFDA772BE25C2C0078BEFF /* Assets.xcassets */; };
		BCFFDA7B2BE25C2C0078BEFF /* Preview Assets.xcassets in Resources */ = {isa = PBXBuildFile; fileRef = BCFFDA7A2BE25C2C0078BEFF /* Preview Assets.xcassets */; };
/* End PBXBuildFile section */

/* Begin PBXFileReference section */
		BC453B4A2BE3D1A9006B93AF /* Book.swift */ = {isa = PBXFileReference; lastKnownFileType = sourcecode.swift; path = Book.swift; sourceTree = "<group>"; };
		BC453B4C2BE3D60A006B93AF /* AddBookView.swift */ = {isa = PBXFileReference; lastKnownFileType = sourcecode.swift; path = AddBookView.swift; sourceTree = "<group>"; };
		BC453B4E2BE3FC71006B93AF /* RatingView.swift */ = {isa = PBXFileReference; lastKnownFileType = sourcecode.swift; path = RatingView.swift; sourceTree = "<group>"; };
		BC453B502BE41057006B93AF /* EmojiRatingView.swift */ = {isa = PBXFileReference; lastKnownFileType = sourcecode.swift; path = EmojiRatingView.swift; sourceTree = "<group>"; };
		BCD77B082BE521A400C27D5F /* DetailView.swift */ = {isa = PBXFileReference; lastKnownFileType = sourcecode.swift; path = DetailView.swift; sourceTree = "<group>"; };
		BCFFDA702BE25C290078BEFF /* BookWorm.app */ = {isa = PBXFileReference; explicitFileType = wrapper.application; includeInIndex = 0; path = BookWorm.app; sourceTree = BUILT_PRODUCTS_DIR; };
		BCFFDA732BE25C290078BEFF /* BookWormApp.swift */ = {isa = PBXFileReference; lastKnownFileType = sourcecode.swift; path = BookWormApp.swift; sourceTree = "<group>"; };
		BCFFDA752BE25C290078BEFF /* ContentView.swift */ = {isa = PBXFileReference; lastKnownFileType = sourcecode.swift; path = ContentView.swift; sourceTree = "<group>"; };
		BCFFDA772BE25C2C0078BEFF /* Assets.xcassets */ = {isa = PBXFileReference; lastKnownFileType = folder.assetcatalog; path = Assets.xcassets; sourceTree = "<group>"; };
		BCFFDA7A2BE25C2C0078BEFF /* Preview Assets.xcassets */ = {isa = PBXFileReference; lastKnownFileType = folder.assetcatalog; path = "Preview Assets.xcassets"; sourceTree = "<group>"; };
/* End PBXFileReference section */

/* Begin PBXFrameworksBuildPhase section */
		BCFFDA6D2BE25C290078BEFF /* Frameworks */ = {
			isa = PBXFrameworksBuildPhase;
			buildActionMask = 2147483647;
			files = (
			);
			runOnlyForDeploymentPostprocessing = 0;
		};
/* End PBXFrameworksBuildPhase section */

/* Begin PBXGroup section */
		BCFFDA672BE25C290078BEFF = {
			isa = PBXGroup;
			children = (
				BC453B502BE41057006B93AF /* EmojiRatingView.swift */,
				BCFFDA722BE25C290078BEFF /* BookWorm */,
				BCFFDA712BE25C290078BEFF /* Products */,
			);
			sourceTree = "<group>";
		};
		BCFFDA712BE25C290078BEFF /* Products */ = {
			isa = PBXGroup;
			children = (
				BCFFDA702BE25C290078BEFF /* BookWorm.app */,
			);
			name = Products;
			sourceTree = "<group>";
		};
		BCFFDA722BE25C290078BEFF /* BookWorm */ = {
			isa = PBXGroup;
			children = (
				BCFFDA732BE25C290078BEFF /* BookWormApp.swift */,
				BC453B4E2BE3FC71006B93AF /* RatingView.swift */,
				BC453B4C2BE3D60A006B93AF /* AddBookView.swift */,
				BCFFDA752BE25C290078BEFF /* ContentView.swift */,
				BC453B4A2BE3D1A9006B93AF /* Book.swift */,
				BCFFDA772BE25C2C0078BEFF /* Assets.xcassets */,
				BCD77B082BE521A400C27D5F /* DetailView.swift */,
				BCFFDA792BE25C2C0078BEFF /* Preview Content */,
			);
			path = BookWorm;
			sourceTree = "<group>";
		};
		BCFFDA792BE25C2C0078BEFF /* Preview Content */ = {
			isa = PBXGroup;
			children = (
				BCFFDA7A2BE25C2C0078BEFF /* Preview Assets.xcassets */,
			);
			path = "Preview Content";
			sourceTree = "<group>";
		};
/* End PBXGroup section */

/* Begin PBXNativeTarget section */
		BCFFDA6F2BE25C290078BEFF /* BookWorm */ = {
			isa = PBXNativeTarget;
			buildConfigurationList = BCFFDA7E2BE25C2C0078BEFF /* Build configuration list for PBXNativeTarget "BookWorm" */;
			buildPhases = (
				BCFFDA6C2BE25C290078BEFF /* Sources */,
				BCFFDA6D2BE25C290078BEFF /* Frameworks */,
				BCFFDA6E2BE25C290078BEFF /* Resources */,
			);
			buildRules = (
			);
			dependencies = (
			);
			name = BookWorm;
			productName = BookWorm;
			productReference = BCFFDA702BE25C290078BEFF /* BookWorm.app */;
			productType = "com.apple.product-type.application";
		};
/* End PBXNativeTarget section */

/* Begin PBXProject section */
		BCFFDA682BE25C290078BEFF /* Project object */ = {
			isa = PBXProject;
			attributes = {
				BuildIndependentTargetsInParallel = 1;
				LastSwiftUpdateCheck = 1530;
				LastUpgradeCheck = 1530;
				TargetAttributes = {
					BCFFDA6F2BE25C290078BEFF = {
						CreatedOnToolsVersion = 15.3;
					};
				};
			};
			buildConfigurationList = BCFFDA6B2BE25C290078BEFF /* Build configuration list for PBXProject "BookWorm" */;
			compatibilityVersion = "Xcode 14.0";
			developmentRegion = en;
			hasScannedForEncodings = 0;
			knownRegions = (
				en,
				Base,
			);
			mainGroup = BCFFDA672BE25C290078BEFF;
			productRefGroup = BCFFDA712BE25C290078BEFF /* Products */;
			projectDirPath = "";
			projectRoot = "";
			targets = (
				BCFFDA6F2BE25C290078BEFF /* BookWorm */,
			);
		};
/* End PBXProject section */

/* Begin PBXResourcesBuildPhase section */
		BCFFDA6E2BE25C290078BEFF /* Resources */ = {
			isa = PBXResourcesBuildPhase;
			buildActionMask = 2147483647;
			files = (
				BCFFDA7B2BE25C2C0078BEFF /* Preview Assets.xcassets in Resources */,
				BCFFDA782BE25C2C0078BEFF /* Assets.xcassets in Resources */,
			);
			runOnlyForDeploymentPostprocessing = 0;
		};
/* End PBXResourcesBuildPhase section */

/* Begin PBXSourcesBuildPhase section */
		BCFFDA6C2BE25C290078BEFF /* Sources */ = {
			isa = PBXSourcesBuildPhase;
			buildActionMask = 2147483647;
			files = (
				BCFFDA762BE25C290078BEFF /* ContentView.swift in Sources */,
				BCFFDA742BE25C290078BEFF /* BookWormApp.swift in Sources */,
				BC453B4B2BE3D1A9006B93AF /* Book.swift in Sources */,
				BCD77B092BE521A400C27D5F /* DetailView.swift in Sources */,
				BC453B4F2BE3FC71006B93AF /* RatingView.swift in Sources */,
				BC453B512BE41057006B93AF /* EmojiRatingView.swift in Sources */,
				BC453B4D2BE3D60A006B93AF /* AddBookView.swift in Sources */,
			);
			runOnlyForDeploymentPostprocessing = 0;
		};
/* End PBXSourcesBuildPhase section */

/* Begin XCBuildConfiguration section */
		BCFFDA7C2BE25C2C0078BEFF /* Debug */ = {
			isa = XCBuildConfiguration;
			buildSettings = {
				ALWAYS_SEARCH_USER_PATHS = NO;
				ASSETCATALOG_COMPILER_GENERATE_SWIFT_ASSET_SYMBOL_EXTENSIONS = YES;
				CLANG_ANALYZER_NONNULL = YES;
				CLANG_ANALYZER_NUMBER_OBJECT_CONVERSION = YES_AGGRESSIVE;
				CLANG_CXX_LANGUAGE_STANDARD = "gnu++20";
				CLANG_ENABLE_MODULES = YES;
				CLANG_ENABLE_OBJC_ARC = YES;
				CLANG_ENABLE_OBJC_WEAK = YES;
				CLANG_WARN_BLOCK_CAPTURE_AUTORELEASING = YES;
				CLANG_WARN_BOOL_CONVERSION = YES;
				CLANG_WARN_COMMA = YES;
				CLANG_WARN_CONSTANT_CONVERSION = YES;
				CLANG_WARN_DEPRECATED_OBJC_IMPLEMENTATIONS = YES;
				CLANG_WARN_DIRECT_OBJC_ISA_USAGE = YES_ERROR;
				CLANG_WARN_DOCUMENTATION_COMMENTS = YES;
				CLANG_WARN_EMPTY_BODY = YES;
				CLANG_WARN_ENUM_CONVERSION = YES;
				CLANG_WARN_INFINITE_RECURSION = YES;
				CLANG_WARN_INT_CONVERSION = YES;
				CLANG_WARN_NON_LITERAL_NULL_CONVERSION = YES;
				CLANG_WARN_OBJC_IMPLICIT_RETAIN_SELF = YES;
				CLANG_WARN_OBJC_LITERAL_CONVERSION = YES;
				CLANG_WARN_OBJC_ROOT_CLASS = YES_ERROR;
				CLANG_WARN_QUOTED_INCLUDE_IN_FRAMEWORK_HEADER = YES;
				CLANG_WARN_RANGE_LOOP_ANALYSIS = YES;
				CLANG_WARN_STRICT_PROTOTYPES = YES;
				CLANG_WARN_SUSPICIOUS_MOVE = YES;
				CLANG_WARN_UNGUARDED_AVAILABILITY = YES_AGGRESSIVE;
				CLANG_WARN_UNREACHABLE_CODE = YES;
				CLANG_WARN__DUPLICATE_METHOD_MATCH = YES;
				COPY_PHASE_STRIP = NO;
				DEBUG_INFORMATION_FORMAT = dwarf;
				ENABLE_STRICT_OBJC_MSGSEND = YES;
				ENABLE_TESTABILITY = YES;
				ENABLE_USER_SCRIPT_SANDBOXING = YES;
				GCC_C_LANGUAGE_STANDARD = gnu17;
				GCC_DYNAMIC_NO_PIC = NO;
				GCC_NO_COMMON_BLOCKS = YES;
				GCC_OPTIMIZATION_LEVEL = 0;
				GCC_PREPROCESSOR_DEFINITIONS = (
					"DEBUG=1",
					"$(inherited)",
				);
				GCC_WARN_64_TO_32_BIT_CONVERSION = YES;
				GCC_WARN_ABOUT_RETURN_TYPE = YES_ERROR;
				GCC_WARN_UNDECLARED_SELECTOR = YES;
				GCC_WARN_UNINITIALIZED_AUTOS = YES_AGGRESSIVE;
				GCC_WARN_UNUSED_FUNCTION = YES;
				GCC_WARN_UNUSED_VARIABLE = YES;
				IPHONEOS_DEPLOYMENT_TARGET = 17.4;
				LOCALIZATION_PREFERS_STRING_CATALOGS = YES;
				MTL_ENABLE_DEBUG_INFO = INCLUDE_SOURCE;
				MTL_FAST_MATH = YES;
				ONLY_ACTIVE_ARCH = YES;
				SDKROOT = iphoneos;
				SWIFT_ACTIVE_COMPILATION_CONDITIONS = "DEBUG $(inherited)";
				SWIFT_OPTIMIZATION_LEVEL = "-Onone";
			};
			name = Debug;
		};
		BCFFDA7D2BE25C2C0078BEFF /* Release */ = {
			isa = XCBuildConfiguration;
			buildSettings = {
				ALWAYS_SEARCH_USER_PATHS = NO;
				ASSETCATALOG_COMPILER_GENERATE_SWIFT_ASSET_SYMBOL_EXTENSIONS = YES;
				CLANG_ANALYZER_NONNULL = YES;
				CLANG_ANALYZER_NUMBER_OBJECT_CONVERSION = YES_AGGRESSIVE;
				CLANG_CXX_LANGUAGE_STANDARD = "gnu++20";
				CLANG_ENABLE_MODULES = YES;
				CLANG_ENABLE_OBJC_ARC = YES;
				CLANG_ENABLE_OBJC_WEAK = YES;
				CLANG_WARN_BLOCK_CAPTURE_AUTORELEASING = YES;
				CLANG_WARN_BOOL_CONVERSION = YES;
				CLANG_WARN_COMMA = YES;
				CLANG_WARN_CONSTANT_CONVERSION = YES;
				CLANG_WARN_DEPRECATED_OBJC_IMPLEMENTATIONS = YES;
				CLANG_WARN_DIRECT_OBJC_ISA_USAGE = YES_ERROR;
				CLANG_WARN_DOCUMENTATION_COMMENTS = YES;
				CLANG_WARN_EMPTY_BODY = YES;
				CLANG_WARN_ENUM_CONVERSION = YES;
				CLANG_WARN_INFINITE_RECURSION = YES;
				CLANG_WARN_INT_CONVERSION = YES;
				CLANG_WARN_NON_LITERAL_NULL_CONVERSION = YES;
				CLANG_WARN_OBJC_IMPLICIT_RETAIN_SELF = YES;
				CLANG_WARN_OBJC_LITERAL_CONVERSION = YES;
				CLANG_WARN_OBJC_ROOT_CLASS = YES_ERROR;
				CLANG_WARN_QUOTED_INCLUDE_IN_FRAMEWORK_HEADER = YES;
				CLANG_WARN_RANGE_LOOP_ANALYSIS = YES;
				CLANG_WARN_STRICT_PROTOTYPES = YES;
				CLANG_WARN_SUSPICIOUS_MOVE = YES;
				CLANG_WARN_UNGUARDED_AVAILABILITY = YES_AGGRESSIVE;
				CLANG_WARN_UNREACHABLE_CODE = YES;
				CLANG_WARN__DUPLICATE_METHOD_MATCH = YES;
				COPY_PHASE_STRIP = NO;
				DEBUG_INFORMATION_FORMAT = "dwarf-with-dsym";
				ENABLE_NS_ASSERTIONS = NO;
				ENABLE_STRICT_OBJC_MSGSEND = YES;
				ENABLE_USER_SCRIPT_SANDBOXING = YES;
				GCC_C_LANGUAGE_STANDARD = gnu17;
				GCC_NO_COMMON_BLOCKS = YES;
				GCC_WARN_64_TO_32_BIT_CONVERSION = YES;
				GCC_WARN_ABOUT_RETURN_TYPE = YES_ERROR;
				GCC_WARN_UNDECLARED_SELECTOR = YES;
				GCC_WARN_UNINITIALIZED_AUTOS = YES_AGGRESSIVE;
				GCC_WARN_UNUSED_FUNCTION = YES;
				GCC_WARN_UNUSED_VARIABLE = YES;
				IPHONEOS_DEPLOYMENT_TARGET = 17.4;
				LOCALIZATION_PREFERS_STRING_CATALOGS = YES;
				MTL_ENABLE_DEBUG_INFO = NO;
				MTL_FAST_MATH = YES;
				SDKROOT = iphoneos;
				SWIFT_COMPILATION_MODE = wholemodule;
				VALIDATE_PRODUCT = YES;
			};
			name = Release;
		};
		BCFFDA7F2BE25C2C0078BEFF /* Debug */ = {
			isa = XCBuildConfiguration;
			buildSettings = {
				ASSETCATALOG_COMPILER_APPICON_NAME = AppIcon;
				ASSETCATALOG_COMPILER_GLOBAL_ACCENT_COLOR_NAME = AccentColor;
				CODE_SIGN_STYLE = Automatic;
				CURRENT_PROJECT_VERSION = 1;
				DEVELOPMENT_ASSET_PATHS = "\"BookWorm/Preview Content\"";
				DEVELOPMENT_TEAM = 29C9BAU8B7;
				ENABLE_PREVIEWS = YES;
				GENERATE_INFOPLIST_FILE = YES;
				INFOPLIST_KEY_UIApplicationSceneManifest_Generation = YES;
				INFOPLIST_KEY_UIApplicationSupportsIndirectInputEvents = YES;
				INFOPLIST_KEY_UILaunchScreen_Generation = YES;
				INFOPLIST_KEY_UISupportedInterfaceOrientations_iPad = "UIInterfaceOrientationPortrait UIInterfaceOrientationPortraitUpsideDown UIInterfaceOrientationLandscapeLeft UIInterfaceOrientationLandscapeRight";
				INFOPLIST_KEY_UISupportedInterfaceOrientations_iPhone = "UIInterfaceOrientationPortrait UIInterfaceOrientationLandscapeLeft UIInterfaceOrientationLandscapeRight";
				LD_RUNPATH_SEARCH_PATHS = (
					"$(inherited)",
					"@executable_path/Frameworks",
				);
				MARKETING_VERSION = 1.0;
				PRODUCT_BUNDLE_IDENTIFIER = Sample.BookWorm;
				PRODUCT_NAME = "$(TARGET_NAME)";
				SWIFT_EMIT_LOC_STRINGS = YES;
				SWIFT_VERSION = 5.0;
				TARGETED_DEVICE_FAMILY = "1,2";
			};
			name = Debug;
		};
		BCFFDA802BE25C2C0078BEFF /* Release */ = {
			isa = XCBuildConfiguration;
			buildSettings = {
				ASSETCATALOG_COMPILER_APPICON_NAME = AppIcon;
				ASSETCATALOG_COMPILER_GLOBAL_ACCENT_COLOR_NAME = AccentColor;
				CODE_SIGN_STYLE = Automatic;
				CURRENT_PROJECT_VERSION = 1;
				DEVELOPMENT_ASSET_PATHS = "\"BookWorm/Preview Content\"";
				DEVELOPMENT_TEAM = 29C9BAU8B7;
				ENABLE_PREVIEWS = YES;
				GENERATE_INFOPLIST_FILE = YES;
				INFOPLIST_KEY_UIApplicationSceneManifest_Generation = YES;
				INFOPLIST_KEY_UIApplicationSupportsIndirectInputEvents = YES;
				INFOPLIST_KEY_UILaunchScreen_Generation = YES;
				INFOPLIST_KEY_UISupportedInterfaceOrientations_iPad = "UIInterfaceOrientationPortrait UIInterfaceOrientationPortraitUpsideDown UIInterfaceOrientationLandscapeLeft UIInterfaceOrientationLandscapeRight";
				INFOPLIST_KEY_UISupportedInterfaceOrientations_iPhone = "UIInterfaceOrientationPortrait UIInterfaceOrientationLandscapeLeft UIInterfaceOrientationLandscapeRight";
				LD_RUNPATH_SEARCH_PATHS = (
					"$(inherited)",
					"@executable_path/Frameworks",
				);
				MARKETING_VERSION = 1.0;
				PRODUCT_BUNDLE_IDENTIFIER = Sample.BookWorm;
				PRODUCT_NAME = "$(TARGET_NAME)";
				SWIFT_EMIT_LOC_STRINGS = YES;
				SWIFT_VERSION = 5.0;
				TARGETED_DEVICE_FAMILY = "1,2";
			};
			name = Release;
		};
/* End XCBuildConfiguration section */

/* Begin XCConfigurationList section */
		BCFFDA6B2BE25C290078BEFF /* Build configuration list for PBXProject "BookWorm" */ = {
			isa = XCConfigurationList;
			buildConfigurations = (
				BCFFDA7C2BE25C2C0078BEFF /* Debug */,
				BCFFDA7D2BE25C2C0078BEFF /* Release */,
			);
			defaultConfigurationIsVisible = 0;
			defaultConfigurationName = Release;
		};
		BCFFDA7E2BE25C2C0078BEFF /* Build configuration list for PBXNativeTarget "BookWorm" */ = {
			isa = XCConfigurationList;
			buildConfigurations = (
				BCFFDA7F2BE25C2C0078BEFF /* Debug */,
				BCFFDA802BE25C2C0078BEFF /* Release */,
			);
			defaultConfigurationIsVisible = 0;
			defaultConfigurationName = Release;
		};
/* End XCConfigurationList section */
	};
	rootObject = BCFFDA682BE25C290078BEFF /* Project object */;
}
